
Microsoft Visual Studio Solution File, Format Version 12.00
# Visual Studio Version 17
VisualStudioVersion = 17.0.31903.59
MinimumVisualStudioVersion = 10.0.40219.1
Project("{2150E333-8FDC-42A3-9474-1A3956D46DE8}") = "src", "src", "{827E0CD3-B72D-47B6-A68D-7590B98EB39B}"
EndProject
Project("{FAE04EC0-301F-11D3-BF4B-00C04F79EFBC}") = "EntglDb.Core", "src\EntglDb.Core\EntglDb.Core.csproj", "{F3796236-EE64-465E-BCB8-65F43D887A9B}"
EndProject
Project("{FAE04EC0-301F-11D3-BF4B-00C04F79EFBC}") = "EntglDb.Network", "src\EntglDb.Network\EntglDb.Network.csproj", "{5BF94681-B9C6-4877-9CA7-6E8C3DF33F99}"
EndProject
Project("{2150E333-8FDC-42A3-9474-1A3956D46DE8}") = "tests", "tests", "{0AB3BF05-4346-4AA6-1389-037BE0695223}"
EndProject
Project("{FAE04EC0-301F-11D3-BF4B-00C04F79EFBC}") = "EntglDb.Core.Tests", "tests\EntglDb.Core.Tests\EntglDb.Core.Tests.csproj", "{6BE51455-7846-4732-9436-B99504959506}"
EndProject
Project("{FAE04EC0-301F-11D3-BF4B-00C04F79EFBC}") = "EntglDb.Network.Tests", "tests\EntglDb.Network.Tests\EntglDb.Network.Tests.csproj", "{038DE3B1-6D49-4336-B6EA-A681060EB79A}"
EndProject
Project("{FAE04EC0-301F-11D3-BF4B-00C04F79EFBC}") = "EntglDb.Persistence.EntityFramework", "src\EntglDb.Persistence.EntityFramework\EntglDb.Persistence.EntityFramework.csproj", "{63A85459-DAB3-4921-9631-1C40865AC7C7}"
EndProject
Project("{FAE04EC0-301F-11D3-BF4B-00C04F79EFBC}") = "EntglDb.AspNet", "src\EntglDb.AspNet\EntglDb.AspNet.csproj", "{5614EA67-0797-463D-9C6F-414E21C57920}"
EndProject
Project("{FAE04EC0-301F-11D3-BF4B-00C04F79EFBC}") = "EntglDb.Sample.Shared.Tests", "tests\EntglDb.Sample.Shared.Tests\EntglDb.Sample.Shared.Tests.csproj", "{A67D9036-EC20-4907-85BD-FC05A55D13B5}"
EndProject
Project("{FAE04EC0-301F-11D3-BF4B-00C04F79EFBC}") = "EntglDb.Persistence", "src\EntglDb.Persistence\EntglDb.Persistence.csproj", "{C1D3463F-2FE7-4AD0-8B75-481C7A23719C}"
EndProject
Project("{FAE04EC0-301F-11D3-BF4B-00C04F79EFBC}") = "EntglDb.Persistence.BLite", "src\EntglDb.Persistence.BLite\EntglDb.Persistence.BLite.csproj", "{F7E3AF60-6861-4206-A673-42EAFF0B8F0A}"
EndProject
Project("{FAE04EC0-301F-11D3-BF4B-00C04F79EFBC}") = "EntglDb.Sync", "src\EntglDb.Sync\EntglDb.Sync.csproj", "{A1B2C3D4-E5F6-7890-ABCD-EF1234567890}"
EndProject
Global
	GlobalSection(SolutionConfigurationPlatforms) = preSolution
		Debug|Any CPU = Debug|Any CPU
		Debug|x64 = Debug|x64
		Debug|x86 = Debug|x86
		Release|Any CPU = Release|Any CPU
		Release|x64 = Release|x64
		Release|x86 = Release|x86
	EndGlobalSection
	GlobalSection(ProjectConfigurationPlatforms) = postSolution
		{F3796236-EE64-465E-BCB8-65F43D887A9B}.Debug|Any CPU.ActiveCfg = Debug|Any CPU
		{F3796236-EE64-465E-BCB8-65F43D887A9B}.Debug|Any CPU.Build.0 = Debug|Any CPU
		{F3796236-EE64-465E-BCB8-65F43D887A9B}.Debug|x64.ActiveCfg = Debug|Any CPU
		{F3796236-EE64-465E-BCB8-65F43D887A9B}.Debug|x64.Build.0 = Debug|Any CPU
		{F3796236-EE64-465E-BCB8-65F43D887A9B}.Debug|x86.ActiveCfg = Debug|Any CPU
		{F3796236-EE64-465E-BCB8-65F43D887A9B}.Debug|x86.Build.0 = Debug|Any CPU
		{F3796236-EE64-465E-BCB8-65F43D887A9B}.Release|Any CPU.ActiveCfg = Release|Any CPU
		{F3796236-EE64-465E-BCB8-65F43D887A9B}.Release|Any CPU.Build.0 = Release|Any CPU
		{F3796236-EE64-465E-BCB8-65F43D887A9B}.Release|x64.ActiveCfg = Release|Any CPU
		{F3796236-EE64-465E-BCB8-65F43D887A9B}.Release|x64.Build.0 = Release|Any CPU
		{F3796236-EE64-465E-BCB8-65F43D887A9B}.Release|x86.ActiveCfg = Release|Any CPU
		{F3796236-EE64-465E-BCB8-65F43D887A9B}.Release|x86.Build.0 = Release|Any CPU
		{5BF94681-B9C6-4877-9CA7-6E8C3DF33F99}.Debug|Any CPU.ActiveCfg = Debug|Any CPU
		{5BF94681-B9C6-4877-9CA7-6E8C3DF33F99}.Debug|Any CPU.Build.0 = Debug|Any CPU
		{5BF94681-B9C6-4877-9CA7-6E8C3DF33F99}.Debug|x64.ActiveCfg = Debug|Any CPU
		{5BF94681-B9C6-4877-9CA7-6E8C3DF33F99}.Debug|x64.Build.0 = Debug|Any CPU
		{5BF94681-B9C6-4877-9CA7-6E8C3DF33F99}.Debug|x86.ActiveCfg = Debug|Any CPU
		{5BF94681-B9C6-4877-9CA7-6E8C3DF33F99}.Debug|x86.Build.0 = Debug|Any CPU
		{5BF94681-B9C6-4877-9CA7-6E8C3DF33F99}.Release|Any CPU.ActiveCfg = Release|Any CPU
		{5BF94681-B9C6-4877-9CA7-6E8C3DF33F99}.Release|Any CPU.Build.0 = Release|Any CPU
		{5BF94681-B9C6-4877-9CA7-6E8C3DF33F99}.Release|x64.ActiveCfg = Release|Any CPU
		{5BF94681-B9C6-4877-9CA7-6E8C3DF33F99}.Release|x64.Build.0 = Release|Any CPU
		{5BF94681-B9C6-4877-9CA7-6E8C3DF33F99}.Release|x86.ActiveCfg = Release|Any CPU
		{5BF94681-B9C6-4877-9CA7-6E8C3DF33F99}.Release|x86.Build.0 = Release|Any CPU
		{6BE51455-7846-4732-9436-B99504959506}.Debug|Any CPU.ActiveCfg = Debug|Any CPU
		{6BE51455-7846-4732-9436-B99504959506}.Debug|Any CPU.Build.0 = Debug|Any CPU
		{6BE51455-7846-4732-9436-B99504959506}.Debug|x64.ActiveCfg = Debug|Any CPU
		{6BE51455-7846-4732-9436-B99504959506}.Debug|x64.Build.0 = Debug|Any CPU
		{6BE51455-7846-4732-9436-B99504959506}.Debug|x86.ActiveCfg = Debug|Any CPU
		{6BE51455-7846-4732-9436-B99504959506}.Debug|x86.Build.0 = Debug|Any CPU
		{6BE51455-7846-4732-9436-B99504959506}.Release|Any CPU.ActiveCfg = Release|Any CPU
		{6BE51455-7846-4732-9436-B99504959506}.Release|Any CPU.Build.0 = Release|Any CPU
		{6BE51455-7846-4732-9436-B99504959506}.Release|x64.ActiveCfg = Release|Any CPU
		{6BE51455-7846-4732-9436-B99504959506}.Release|x64.Build.0 = Release|Any CPU
		{6BE51455-7846-4732-9436-B99504959506}.Release|x86.ActiveCfg = Release|Any CPU
		{6BE51455-7846-4732-9436-B99504959506}.Release|x86.Build.0 = Release|Any CPU
		{038DE3B1-6D49-4336-B6EA-A681060EB79A}.Debug|Any CPU.ActiveCfg = Debug|Any CPU
		{038DE3B1-6D49-4336-B6EA-A681060EB79A}.Debug|Any CPU.Build.0 = Debug|Any CPU
		{038DE3B1-6D49-4336-B6EA-A681060EB79A}.Debug|x64.ActiveCfg = Debug|Any CPU
		{038DE3B1-6D49-4336-B6EA-A681060EB79A}.Debug|x64.Build.0 = Debug|Any CPU
		{038DE3B1-6D49-4336-B6EA-A681060EB79A}.Debug|x86.ActiveCfg = Debug|Any CPU
		{038DE3B1-6D49-4336-B6EA-A681060EB79A}.Debug|x86.Build.0 = Debug|Any CPU
		{038DE3B1-6D49-4336-B6EA-A681060EB79A}.Release|Any CPU.ActiveCfg = Release|Any CPU
		{038DE3B1-6D49-4336-B6EA-A681060EB79A}.Release|Any CPU.Build.0 = Release|Any CPU
		{038DE3B1-6D49-4336-B6EA-A681060EB79A}.Release|x64.ActiveCfg = Release|Any CPU
		{038DE3B1-6D49-4336-B6EA-A681060EB79A}.Release|x64.Build.0 = Release|Any CPU
		{038DE3B1-6D49-4336-B6EA-A681060EB79A}.Release|x86.ActiveCfg = Release|Any CPU
		{038DE3B1-6D49-4336-B6EA-A681060EB79A}.Release|x86.Build.0 = Release|Any CPU
		{63A85459-DAB3-4921-9631-1C40865AC7C7}.Debug|Any CPU.ActiveCfg = Debug|Any CPU
		{63A85459-DAB3-4921-9631-1C40865AC7C7}.Debug|Any CPU.Build.0 = Debug|Any CPU
		{63A85459-DAB3-4921-9631-1C40865AC7C7}.Debug|x64.ActiveCfg = Debug|Any CPU
		{63A85459-DAB3-4921-9631-1C40865AC7C7}.Debug|x64.Build.0 = Debug|Any CPU
		{63A85459-DAB3-4921-9631-1C40865AC7C7}.Debug|x86.ActiveCfg = Debug|Any CPU
		{63A85459-DAB3-4921-9631-1C40865AC7C7}.Debug|x86.Build.0 = Debug|Any CPU
		{63A85459-DAB3-4921-9631-1C40865AC7C7}.Release|Any CPU.ActiveCfg = Release|Any CPU
		{63A85459-DAB3-4921-9631-1C40865AC7C7}.Release|Any CPU.Build.0 = Release|Any CPU
		{63A85459-DAB3-4921-9631-1C40865AC7C7}.Release|x64.ActiveCfg = Release|Any CPU
		{63A85459-DAB3-4921-9631-1C40865AC7C7}.Release|x64.Build.0 = Release|Any CPU
		{63A85459-DAB3-4921-9631-1C40865AC7C7}.Release|x86.ActiveCfg = Release|Any CPU
		{63A85459-DAB3-4921-9631-1C40865AC7C7}.Release|x86.Build.0 = Release|Any CPU
		{5614EA67-0797-463D-9C6F-414E21C57920}.Debug|Any CPU.ActiveCfg = Debug|Any CPU
		{5614EA67-0797-463D-9C6F-414E21C57920}.Debug|Any CPU.Build.0 = Debug|Any CPU
		{5614EA67-0797-463D-9C6F-414E21C57920}.Debug|x64.ActiveCfg = Debug|Any CPU
		{5614EA67-0797-463D-9C6F-414E21C57920}.Debug|x64.Build.0 = Debug|Any CPU
		{5614EA67-0797-463D-9C6F-414E21C57920}.Debug|x86.ActiveCfg = Debug|Any CPU
		{5614EA67-0797-463D-9C6F-414E21C57920}.Debug|x86.Build.0 = Debug|Any CPU
		{5614EA67-0797-463D-9C6F-414E21C57920}.Release|Any CPU.ActiveCfg = Release|Any CPU
		{5614EA67-0797-463D-9C6F-414E21C57920}.Release|Any CPU.Build.0 = Release|Any CPU
		{5614EA67-0797-463D-9C6F-414E21C57920}.Release|x64.ActiveCfg = Release|Any CPU
		{5614EA67-0797-463D-9C6F-414E21C57920}.Release|x64.Build.0 = Release|Any CPU
		{5614EA67-0797-463D-9C6F-414E21C57920}.Release|x86.ActiveCfg = Release|Any CPU
		{5614EA67-0797-463D-9C6F-414E21C57920}.Release|x86.Build.0 = Release|Any CPU
		{A67D9036-EC20-4907-85BD-FC05A55D13B5}.Debug|Any CPU.ActiveCfg = Debug|Any CPU
		{A67D9036-EC20-4907-85BD-FC05A55D13B5}.Debug|Any CPU.Build.0 = Debug|Any CPU
		{A67D9036-EC20-4907-85BD-FC05A55D13B5}.Debug|x64.ActiveCfg = Debug|Any CPU
		{A67D9036-EC20-4907-85BD-FC05A55D13B5}.Debug|x64.Build.0 = Debug|Any CPU
		{A67D9036-EC20-4907-85BD-FC05A55D13B5}.Debug|x86.ActiveCfg = Debug|Any CPU
		{A67D9036-EC20-4907-85BD-FC05A55D13B5}.Debug|x86.Build.0 = Debug|Any CPU
		{A67D9036-EC20-4907-85BD-FC05A55D13B5}.Release|Any CPU.ActiveCfg = Release|Any CPU
		{A67D9036-EC20-4907-85BD-FC05A55D13B5}.Release|Any CPU.Build.0 = Release|Any CPU
		{A67D9036-EC20-4907-85BD-FC05A55D13B5}.Release|x64.ActiveCfg = Release|Any CPU
		{A67D9036-EC20-4907-85BD-FC05A55D13B5}.Release|x64.Build.0 = Release|Any CPU
		{A67D9036-EC20-4907-85BD-FC05A55D13B5}.Release|x86.ActiveCfg = Release|Any CPU
		{A67D9036-EC20-4907-85BD-FC05A55D13B5}.Release|x86.Build.0 = Release|Any CPU
		{C1D3463F-2FE7-4AD0-8B75-481C7A23719C}.Debug|Any CPU.ActiveCfg = Debug|Any CPU
		{C1D3463F-2FE7-4AD0-8B75-481C7A23719C}.Debug|Any CPU.Build.0 = Debug|Any CPU
		{C1D3463F-2FE7-4AD0-8B75-481C7A23719C}.Debug|x64.ActiveCfg = Debug|Any CPU
		{C1D3463F-2FE7-4AD0-8B75-481C7A23719C}.Debug|x64.Build.0 = Debug|Any CPU
		{C1D3463F-2FE7-4AD0-8B75-481C7A23719C}.Debug|x86.ActiveCfg = Debug|Any CPU
		{C1D3463F-2FE7-4AD0-8B75-481C7A23719C}.Debug|x86.Build.0 = Debug|Any CPU
		{C1D3463F-2FE7-4AD0-8B75-481C7A23719C}.Release|Any CPU.ActiveCfg = Release|Any CPU
		{C1D3463F-2FE7-4AD0-8B75-481C7A23719C}.Release|Any CPU.Build.0 = Release|Any CPU
		{C1D3463F-2FE7-4AD0-8B75-481C7A23719C}.Release|x64.ActiveCfg = Release|Any CPU
		{C1D3463F-2FE7-4AD0-8B75-481C7A23719C}.Release|x64.Build.0 = Release|Any CPU
		{C1D3463F-2FE7-4AD0-8B75-481C7A23719C}.Release|x86.ActiveCfg = Release|Any CPU
		{C1D3463F-2FE7-4AD0-8B75-481C7A23719C}.Release|x86.Build.0 = Release|Any CPU
		{F7E3AF60-6861-4206-A673-42EAFF0B8F0A}.Debug|Any CPU.ActiveCfg = Debug|Any CPU
		{F7E3AF60-6861-4206-A673-42EAFF0B8F0A}.Debug|Any CPU.Build.0 = Debug|Any CPU
		{F7E3AF60-6861-4206-A673-42EAFF0B8F0A}.Debug|x64.ActiveCfg = Debug|Any CPU
		{F7E3AF60-6861-4206-A673-42EAFF0B8F0A}.Debug|x64.Build.0 = Debug|Any CPU
		{F7E3AF60-6861-4206-A673-42EAFF0B8F0A}.Debug|x86.ActiveCfg = Debug|Any CPU
		{F7E3AF60-6861-4206-A673-42EAFF0B8F0A}.Debug|x86.Build.0 = Debug|Any CPU
		{F7E3AF60-6861-4206-A673-42EAFF0B8F0A}.Release|Any CPU.ActiveCfg = Release|Any CPU
		{F7E3AF60-6861-4206-A673-42EAFF0B8F0A}.Release|Any CPU.Build.0 = Release|Any CPU
		{F7E3AF60-6861-4206-A673-42EAFF0B8F0A}.Release|x64.ActiveCfg = Release|Any CPU
		{F7E3AF60-6861-4206-A673-42EAFF0B8F0A}.Release|x64.Build.0 = Release|Any CPU
		{F7E3AF60-6861-4206-A673-42EAFF0B8F0A}.Release|x86.ActiveCfg = Release|Any CPU
		{F7E3AF60-6861-4206-A673-42EAFF0B8F0A}.Release|x86.Build.0 = Release|Any CPU
		{A1B2C3D4-E5F6-7890-ABCD-EF1234567890}.Debug|Any CPU.ActiveCfg = Debug|Any CPU
		{A1B2C3D4-E5F6-7890-ABCD-EF1234567890}.Debug|Any CPU.Build.0 = Debug|Any CPU
		{A1B2C3D4-E5F6-7890-ABCD-EF1234567890}.Debug|x64.ActiveCfg = Debug|Any CPU
		{A1B2C3D4-E5F6-7890-ABCD-EF1234567890}.Debug|x64.Build.0 = Debug|Any CPU
		{A1B2C3D4-E5F6-7890-ABCD-EF1234567890}.Debug|x86.ActiveCfg = Debug|Any CPU
		{A1B2C3D4-E5F6-7890-ABCD-EF1234567890}.Debug|x86.Build.0 = Debug|Any CPU
		{A1B2C3D4-E5F6-7890-ABCD-EF1234567890}.Release|Any CPU.ActiveCfg = Release|Any CPU
		{A1B2C3D4-E5F6-7890-ABCD-EF1234567890}.Release|Any CPU.Build.0 = Release|Any CPU
		{A1B2C3D4-E5F6-7890-ABCD-EF1234567890}.Release|x64.ActiveCfg = Release|Any CPU
		{A1B2C3D4-E5F6-7890-ABCD-EF1234567890}.Release|x64.Build.0 = Release|Any CPU
		{A1B2C3D4-E5F6-7890-ABCD-EF1234567890}.Release|x86.ActiveCfg = Release|Any CPU
		{A1B2C3D4-E5F6-7890-ABCD-EF1234567890}.Release|x86.Build.0 = Release|Any CPU
	EndGlobalSection
	GlobalSection(SolutionProperties) = preSolution
		HideSolutionNode = FALSE
	EndGlobalSection
	GlobalSection(NestedProjects) = preSolution
		{F3796236-EE64-465E-BCB8-65F43D887A9B} = {827E0CD3-B72D-47B6-A68D-7590B98EB39B}
		{5BF94681-B9C6-4877-9CA7-6E8C3DF33F99} = {827E0CD3-B72D-47B6-A68D-7590B98EB39B}
		{6BE51455-7846-4732-9436-B99504959506} = {0AB3BF05-4346-4AA6-1389-037BE0695223}
		{038DE3B1-6D49-4336-B6EA-A681060EB79A} = {0AB3BF05-4346-4AA6-1389-037BE0695223}
		{63A85459-DAB3-4921-9631-1C40865AC7C7} = {827E0CD3-B72D-47B6-A68D-7590B98EB39B}
		{5614EA67-0797-463D-9C6F-414E21C57920} = {827E0CD3-B72D-47B6-A68D-7590B98EB39B}
		{A67D9036-EC20-4907-85BD-FC05A55D13B5} = {0AB3BF05-4346-4AA6-1389-037BE0695223}
		{C1D3463F-2FE7-4AD0-8B75-481C7A23719C} = {827E0CD3-B72D-47B6-A68D-7590B98EB39B}
		{F7E3AF60-6861-4206-A673-42EAFF0B8F0A} = {827E0CD3-B72D-47B6-A68D-7590B98EB39B}
		{A1B2C3D4-E5F6-7890-ABCD-EF1234567890} = {827E0CD3-B72D-47B6-A68D-7590B98EB39B}
	EndGlobalSection
EndGlobal
