
Microsoft Visual Studio Solution File, Format Version 12.00
# Visual Studio Version 18
VisualStudioVersion = 18.3.11520.95
MinimumVisualStudioVersion = 10.0.40219.1
Project("{2150E333-8FDC-42A3-9474-1A3956D46DE8}") = "samples", "samples", "{5D20AA90-6969-D8BD-9DCD-8634F4692FDA}"
EndProject
Project("{2150E333-8FDC-42A3-9474-1A3956D46DE8}") = "src", "src", "{827E0CD3-B72D-47B6-A68D-7590B98EB39B}"
EndProject
Project("{2150E333-8FDC-42A3-9474-1A3956D46DE8}") = "tests", "tests", "{0AB3BF05-4346-4AA6-1389-037BE0695223}"
EndProject
Project("{FAE04EC0-301F-11D3-BF4B-00C04F79EFBC}") = "EntglDb.Sample.AspNetCore", "samples\EntglDb.Sample.AspNetCore\EntglDb.Sample.AspNetCore.csproj", "{72F1B5C3-0893-EAFE-2339-E50B9CEF9F5B}"
EndProject
Project("{FAE04EC0-301F-11D3-BF4B-00C04F79EFBC}") = "EntglDb.Sample.Console", "samples\EntglDb.Sample.Console\EntglDb.Sample.Console.csproj", "{E512A7B2-D35E-765C-AFBB-F76035AB3AC1}"
EndProject
Project("{FAE04EC0-301F-11D3-BF4B-00C04F79EFBC}") = "EntglDb.Sample.Shared", "samples\EntglDb.Sample.Shared\EntglDb.Sample.Shared.csproj", "{BB5B9031-A097-7BFE-86B8-816CCC95A883}"
EndProject
Project("{FAE04EC0-301F-11D3-BF4B-00C04F79EFBC}") = "EntglDb.Test.Avalonia", "samples\EntglDb.Test.Avalonia\EntglDb.Test.Avalonia.csproj", "{B1DDC968-D838-28F3-2C78-E337D9D7445E}"
EndProject
Project("{FAE04EC0-301F-11D3-BF4B-00C04F79EFBC}") = "EntglDb.Test.Maui", "samples\EntglDb.Test.Maui\EntglDb.Test.Maui.csproj", "{5EE27693-9124-69C2-DFFF-783546316546}"
EndProject
Project("{FAE04EC0-301F-11D3-BF4B-00C04F79EFBC}") = "EntglDb.AspNet", "src\EntglDb.AspNet\EntglDb.AspNet.csproj", "{B8A0DA5C-7FC2-E1F2-AE0F-91964FF3A05D}"
EndProject
Project("{FAE04EC0-301F-11D3-BF4B-00C04F79EFBC}") = "EntglDb.Core", "src\EntglDb.Core\EntglDb.Core.csproj", "{FCC15AE2-0010-DCCB-F853-7BE8D5533C52}"
EndProject
Project("{FAE04EC0-301F-11D3-BF4B-00C04F79EFBC}") = "EntglDb.Network", "src\EntglDb.Network\EntglDb.Network.csproj", "{D937D898-898C-C265-F457-B2E2D520AB1C}"
EndProject
Project("{FAE04EC0-301F-11D3-BF4B-00C04F79EFBC}") = "EntglDb.Sync", "src\EntglDb.Sync\EntglDb.Sync.csproj", "{A1B2C3D4-E5F6-7890-ABCD-EF1234567890}"
EndProject
Project("{FAE04EC0-301F-11D3-BF4B-00C04F79EFBC}") = "EntglDb.Persistence", "src\EntglDb.Persistence\EntglDb.Persistence.csproj", "{5979B9EF-FACE-4BD0-BFA3-B1BB5D7103C5}"
EndProject
Project("{FAE04EC0-301F-11D3-BF4B-00C04F79EFBC}") = "EntglDb.Persistence.BLite", "src\EntglDb.Persistence.BLite\EntglDb.Persistence.BLite.csproj", "{112520EF-9DF0-FA05-B020-814D6DF4C973}"
EndProject
Project("{FAE04EC0-301F-11D3-BF4B-00C04F79EFBC}") = "EntglDb.Persistence.EntityFramework", "src\EntglDb.Persistence.EntityFramework\EntglDb.Persistence.EntityFramework.csproj", "{2E86B090-9D4C-7626-72E2-876F173A764D}"
EndProject
Project("{FAE04EC0-301F-11D3-BF4B-00C04F79EFBC}") = "EntglDb.Core.Tests", "tests\EntglDb.Core.Tests\EntglDb.Core.Tests.csproj", "{77791D9A-D5BD-2595-ADDF-308C7F72D339}"
EndProject
Project("{FAE04EC0-301F-11D3-BF4B-00C04F79EFBC}") = "EntglDb.Network.Tests", "tests\EntglDb.Network.Tests\EntglDb.Network.Tests.csproj", "{B3D45E8B-F145-FB6A-6856-3A5750A16BFB}"
EndProject
Project("{FAE04EC0-301F-11D3-BF4B-00C04F79EFBC}") = "EntglDb.Sample.Shared.Tests", "tests\EntglDb.Sample.Shared.Tests\EntglDb.Sample.Shared.Tests.csproj", "{383C9975-DA0C-4511-2282-8EB531AB6999}"
EndProject
Project("{FAE04EC0-301F-11D3-BF4B-00C04F79EFBC}") = "EntglDb.Demo.Game", "samples\EntglDb.Demo.Game\EntglDb.Demo.Game.csproj", "{2C9D4FD0-2DCD-495F-B121-06346477A3EE}"
EndProject
Project("{FAE04EC0-301F-11D3-BF4B-00C04F79EFBC}") = "EntglDb.Demo.Game.MonoGame", "samples\EntglDb.Demo.Game.MonoGame\EntglDb.Demo.Game.MonoGame.csproj", "{2C386189-C88A-D7F4-3821-C7AAFBB52577}"
EndProject
Project("{FAE04EC0-301F-11D3-BF4B-00C04F79EFBC}") = "EntglDb.Services.NodeStatus", "src\EntglDb.Services.NodeStatus\EntglDb.Services.NodeStatus.csproj", "{012D8C4A-364D-4236-BA8C-D701E55E2A19}"
EndProject
Project("{FAE04EC0-301F-11D3-BF4B-00C04F79EFBC}") = "EntglDb.Services.FileTransfer", "src\EntglDb.Services.FileTransfer\EntglDb.Services.FileTransfer.csproj", "{8C6A411E-EBDF-418D-8015-E832B16E409D}"
EndProject
Project("{FAE04EC0-301F-11D3-BF4B-00C04F79EFBC}") = "EntglDb.ConflictResolution", "src\EntglDb.ConflictResolution\EntglDb.ConflictResolution.csproj", "{9D9F88C0-AADD-43D3-A43B-E74D78506539}"
EndProject
Project("{FAE04EC0-301F-11D3-BF4B-00C04F79EFBC}") = "EntglDb.ConflictResolution.Tests", "tests\EntglDb.ConflictResolution.Tests\EntglDb.ConflictResolution.Tests.csproj", "{26822EE9-4DF0-49EC-B430-E90535E521E7}"
EndProject
Project("{FAE04EC0-301F-11D3-BF4B-00C04F79EFBC}") = "EntglDb.ConflictResolution.Demo", "samples\EntglDb.ConflictResolution.Demo\EntglDb.ConflictResolution.Demo.csproj", "{471F8008-B73C-48E8-B3B0-C1EC0AE78DDF}"
EndProject
Global
	GlobalSection(SolutionConfigurationPlatforms) = preSolution
		Debug|Any CPU = Debug|Any CPU
		Debug|x64 = Debug|x64
		Debug|x86 = Debug|x86
		Release|Any CPU = Release|Any CPU
		Release|x64 = Release|x64
		Release|x86 = Release|x86
	EndGlobalSection
	GlobalSection(ProjectConfigurationPlatforms) = postSolution
		{72F1B5C3-0893-EAFE-2339-E50B9CEF9F5B}.Debug|Any CPU.ActiveCfg = Debug|Any CPU
		{72F1B5C3-0893-EAFE-2339-E50B9CEF9F5B}.Debug|Any CPU.Build.0 = Debug|Any CPU
		{72F1B5C3-0893-EAFE-2339-E50B9CEF9F5B}.Debug|x64.ActiveCfg = Debug|Any CPU
		{72F1B5C3-0893-EAFE-2339-E50B9CEF9F5B}.Debug|x64.Build.0 = Debug|Any CPU
		{72F1B5C3-0893-EAFE-2339-E50B9CEF9F5B}.Debug|x86.ActiveCfg = Debug|Any CPU
		{72F1B5C3-0893-EAFE-2339-E50B9CEF9F5B}.Debug|x86.Build.0 = Debug|Any CPU
		{72F1B5C3-0893-EAFE-2339-E50B9CEF9F5B}.Release|Any CPU.ActiveCfg = Release|Any CPU
		{72F1B5C3-0893-EAFE-2339-E50B9CEF9F5B}.Release|Any CPU.Build.0 = Release|Any CPU
		{72F1B5C3-0893-EAFE-2339-E50B9CEF9F5B}.Release|x64.ActiveCfg = Release|Any CPU
		{72F1B5C3-0893-EAFE-2339-E50B9CEF9F5B}.Release|x64.Build.0 = Release|Any CPU
		{72F1B5C3-0893-EAFE-2339-E50B9CEF9F5B}.Release|x86.ActiveCfg = Release|Any CPU
		{72F1B5C3-0893-EAFE-2339-E50B9CEF9F5B}.Release|x86.Build.0 = Release|Any CPU
		{E512A7B2-D35E-765C-AFBB-F76035AB3AC1}.Debug|Any CPU.ActiveCfg = Debug|Any CPU
		{E512A7B2-D35E-765C-AFBB-F76035AB3AC1}.Debug|Any CPU.Build.0 = Debug|Any CPU
		{E512A7B2-D35E-765C-AFBB-F76035AB3AC1}.Debug|x64.ActiveCfg = Debug|Any CPU
		{E512A7B2-D35E-765C-AFBB-F76035AB3AC1}.Debug|x64.Build.0 = Debug|Any CPU
		{E512A7B2-D35E-765C-AFBB-F76035AB3AC1}.Debug|x86.ActiveCfg = Debug|Any CPU
		{E512A7B2-D35E-765C-AFBB-F76035AB3AC1}.Debug|x86.Build.0 = Debug|Any CPU
		{E512A7B2-D35E-765C-AFBB-F76035AB3AC1}.Release|Any CPU.ActiveCfg = Release|Any CPU
		{E512A7B2-D35E-765C-AFBB-F76035AB3AC1}.Release|Any CPU.Build.0 = Release|Any CPU
		{E512A7B2-D35E-765C-AFBB-F76035AB3AC1}.Release|x64.ActiveCfg = Release|Any CPU
		{E512A7B2-D35E-765C-AFBB-F76035AB3AC1}.Release|x64.Build.0 = Release|Any CPU
		{E512A7B2-D35E-765C-AFBB-F76035AB3AC1}.Release|x86.ActiveCfg = Release|Any CPU
		{E512A7B2-D35E-765C-AFBB-F76035AB3AC1}.Release|x86.Build.0 = Release|Any CPU
		{BB5B9031-A097-7BFE-86B8-816CCC95A883}.Debug|Any CPU.ActiveCfg = Debug|Any CPU
		{BB5B9031-A097-7BFE-86B8-816CCC95A883}.Debug|Any CPU.Build.0 = Debug|Any CPU
		{BB5B9031-A097-7BFE-86B8-816CCC95A883}.Debug|x64.ActiveCfg = Debug|Any CPU
		{BB5B9031-A097-7BFE-86B8-816CCC95A883}.Debug|x64.Build.0 = Debug|Any CPU
		{BB5B9031-A097-7BFE-86B8-816CCC95A883}.Debug|x86.ActiveCfg = Debug|Any CPU
		{BB5B9031-A097-7BFE-86B8-816CCC95A883}.Debug|x86.Build.0 = Debug|Any CPU
		{BB5B9031-A097-7BFE-86B8-816CCC95A883}.Release|Any CPU.ActiveCfg = Release|Any CPU
		{BB5B9031-A097-7BFE-86B8-816CCC95A883}.Release|Any CPU.Build.0 = Release|Any CPU
		{BB5B9031-A097-7BFE-86B8-816CCC95A883}.Release|x64.ActiveCfg = Release|Any CPU
		{BB5B9031-A097-7BFE-86B8-816CCC95A883}.Release|x64.Build.0 = Release|Any CPU
		{BB5B9031-A097-7BFE-86B8-816CCC95A883}.Release|x86.ActiveCfg = Release|Any CPU
		{BB5B9031-A097-7BFE-86B8-816CCC95A883}.Release|x86.Build.0 = Release|Any CPU
		{B1DDC968-D838-28F3-2C78-E337D9D7445E}.Debug|Any CPU.ActiveCfg = Debug|Any CPU
		{B1DDC968-D838-28F3-2C78-E337D9D7445E}.Debug|Any CPU.Build.0 = Debug|Any CPU
		{B1DDC968-D838-28F3-2C78-E337D9D7445E}.Debug|x64.ActiveCfg = Debug|Any CPU
		{B1DDC968-D838-28F3-2C78-E337D9D7445E}.Debug|x64.Build.0 = Debug|Any CPU
		{B1DDC968-D838-28F3-2C78-E337D9D7445E}.Debug|x86.ActiveCfg = Debug|Any CPU
		{B1DDC968-D838-28F3-2C78-E337D9D7445E}.Debug|x86.Build.0 = Debug|Any CPU
		{B1DDC968-D838-28F3-2C78-E337D9D7445E}.Release|Any CPU.ActiveCfg = Release|Any CPU
		{B1DDC968-D838-28F3-2C78-E337D9D7445E}.Release|Any CPU.Build.0 = Release|Any CPU
		{B1DDC968-D838-28F3-2C78-E337D9D7445E}.Release|x64.ActiveCfg = Release|Any CPU
		{B1DDC968-D838-28F3-2C78-E337D9D7445E}.Release|x64.Build.0 = Release|Any CPU
		{B1DDC968-D838-28F3-2C78-E337D9D7445E}.Release|x86.ActiveCfg = Release|Any CPU
		{B1DDC968-D838-28F3-2C78-E337D9D7445E}.Release|x86.Build.0 = Release|Any CPU
		{5EE27693-9124-69C2-DFFF-783546316546}.Debug|Any CPU.ActiveCfg = Debug|Any CPU
		{5EE27693-9124-69C2-DFFF-783546316546}.Debug|Any CPU.Build.0 = Debug|Any CPU
		{5EE27693-9124-69C2-DFFF-783546316546}.Debug|Any CPU.Deploy.0 = Debug|Any CPU
		{5EE27693-9124-69C2-DFFF-783546316546}.Debug|x64.ActiveCfg = Debug|Any CPU
		{5EE27693-9124-69C2-DFFF-783546316546}.Debug|x64.Build.0 = Debug|Any CPU
		{5EE27693-9124-69C2-DFFF-783546316546}.Debug|x86.ActiveCfg = Debug|Any CPU
		{5EE27693-9124-69C2-DFFF-783546316546}.Debug|x86.Build.0 = Debug|Any CPU
		{5EE27693-9124-69C2-DFFF-783546316546}.Release|Any CPU.ActiveCfg = Release|Any CPU
		{5EE27693-9124-69C2-DFFF-783546316546}.Release|Any CPU.Build.0 = Release|Any CPU
		{5EE27693-9124-69C2-DFFF-783546316546}.Release|x64.ActiveCfg = Release|Any CPU
		{5EE27693-9124-69C2-DFFF-783546316546}.Release|x64.Build.0 = Release|Any CPU
		{5EE27693-9124-69C2-DFFF-783546316546}.Release|x86.ActiveCfg = Release|Any CPU
		{5EE27693-9124-69C2-DFFF-783546316546}.Release|x86.Build.0 = Release|Any CPU
		{B8A0DA5C-7FC2-E1F2-AE0F-91964FF3A05D}.Debug|Any CPU.ActiveCfg = Debug|Any CPU
		{B8A0DA5C-7FC2-E1F2-AE0F-91964FF3A05D}.Debug|Any CPU.Build.0 = Debug|Any CPU
		{B8A0DA5C-7FC2-E1F2-AE0F-91964FF3A05D}.Debug|x64.ActiveCfg = Debug|Any CPU
		{B8A0DA5C-7FC2-E1F2-AE0F-91964FF3A05D}.Debug|x64.Build.0 = Debug|Any CPU
		{B8A0DA5C-7FC2-E1F2-AE0F-91964FF3A05D}.Debug|x86.ActiveCfg = Debug|Any CPU
		{B8A0DA5C-7FC2-E1F2-AE0F-91964FF3A05D}.Debug|x86.Build.0 = Debug|Any CPU
		{B8A0DA5C-7FC2-E1F2-AE0F-91964FF3A05D}.Release|Any CPU.ActiveCfg = Release|Any CPU
		{B8A0DA5C-7FC2-E1F2-AE0F-91964FF3A05D}.Release|Any CPU.Build.0 = Release|Any CPU
		{B8A0DA5C-7FC2-E1F2-AE0F-91964FF3A05D}.Release|x64.ActiveCfg = Release|Any CPU
		{B8A0DA5C-7FC2-E1F2-AE0F-91964FF3A05D}.Release|x64.Build.0 = Release|Any CPU
		{B8A0DA5C-7FC2-E1F2-AE0F-91964FF3A05D}.Release|x86.ActiveCfg = Release|Any CPU
		{B8A0DA5C-7FC2-E1F2-AE0F-91964FF3A05D}.Release|x86.Build.0 = Release|Any CPU
		{FCC15AE2-0010-DCCB-F853-7BE8D5533C52}.Debug|Any CPU.ActiveCfg = Debug|Any CPU
		{FCC15AE2-0010-DCCB-F853-7BE8D5533C52}.Debug|Any CPU.Build.0 = Debug|Any CPU
		{FCC15AE2-0010-DCCB-F853-7BE8D5533C52}.Debug|x64.ActiveCfg = Debug|Any CPU
		{FCC15AE2-0010-DCCB-F853-7BE8D5533C52}.Debug|x64.Build.0 = Debug|Any CPU
		{FCC15AE2-0010-DCCB-F853-7BE8D5533C52}.Debug|x86.ActiveCfg = Debug|Any CPU
		{FCC15AE2-0010-DCCB-F853-7BE8D5533C52}.Debug|x86.Build.0 = Debug|Any CPU
		{FCC15AE2-0010-DCCB-F853-7BE8D5533C52}.Release|Any CPU.ActiveCfg = Release|Any CPU
		{FCC15AE2-0010-DCCB-F853-7BE8D5533C52}.Release|Any CPU.Build.0 = Release|Any CPU
		{FCC15AE2-0010-DCCB-F853-7BE8D5533C52}.Release|x64.ActiveCfg = Release|Any CPU
		{FCC15AE2-0010-DCCB-F853-7BE8D5533C52}.Release|x64.Build.0 = Release|Any CPU
		{FCC15AE2-0010-DCCB-F853-7BE8D5533C52}.Release|x86.ActiveCfg = Release|Any CPU
		{FCC15AE2-0010-DCCB-F853-7BE8D5533C52}.Release|x86.Build.0 = Release|Any CPU
		{D937D898-898C-C265-F457-B2E2D520AB1C}.Debug|Any CPU.ActiveCfg = Debug|Any CPU
		{D937D898-898C-C265-F457-B2E2D520AB1C}.Debug|Any CPU.Build.0 = Debug|Any CPU
		{D937D898-898C-C265-F457-B2E2D520AB1C}.Debug|x64.ActiveCfg = Debug|Any CPU
		{D937D898-898C-C265-F457-B2E2D520AB1C}.Debug|x64.Build.0 = Debug|Any CPU
		{D937D898-898C-C265-F457-B2E2D520AB1C}.Debug|x86.ActiveCfg = Debug|Any CPU
		{D937D898-898C-C265-F457-B2E2D520AB1C}.Debug|x86.Build.0 = Debug|Any CPU
		{D937D898-898C-C265-F457-B2E2D520AB1C}.Release|Any CPU.ActiveCfg = Release|Any CPU
		{D937D898-898C-C265-F457-B2E2D520AB1C}.Release|Any CPU.Build.0 = Release|Any CPU
		{D937D898-898C-C265-F457-B2E2D520AB1C}.Release|x64.ActiveCfg = Release|Any CPU
		{D937D898-898C-C265-F457-B2E2D520AB1C}.Release|x64.Build.0 = Release|Any CPU
		{D937D898-898C-C265-F457-B2E2D520AB1C}.Release|x86.ActiveCfg = Release|Any CPU
		{D937D898-898C-C265-F457-B2E2D520AB1C}.Release|x86.Build.0 = Release|Any CPU
		{A1B2C3D4-E5F6-7890-ABCD-EF1234567890}.Debug|Any CPU.ActiveCfg = Debug|Any CPU
		{A1B2C3D4-E5F6-7890-ABCD-EF1234567890}.Debug|Any CPU.Build.0 = Debug|Any CPU
		{A1B2C3D4-E5F6-7890-ABCD-EF1234567890}.Debug|x64.ActiveCfg = Debug|Any CPU
		{A1B2C3D4-E5F6-7890-ABCD-EF1234567890}.Debug|x64.Build.0 = Debug|Any CPU
		{A1B2C3D4-E5F6-7890-ABCD-EF1234567890}.Debug|x86.ActiveCfg = Debug|Any CPU
		{A1B2C3D4-E5F6-7890-ABCD-EF1234567890}.Debug|x86.Build.0 = Debug|Any CPU
		{A1B2C3D4-E5F6-7890-ABCD-EF1234567890}.Release|Any CPU.ActiveCfg = Release|Any CPU
		{A1B2C3D4-E5F6-7890-ABCD-EF1234567890}.Release|Any CPU.Build.0 = Release|Any CPU
		{A1B2C3D4-E5F6-7890-ABCD-EF1234567890}.Release|x64.ActiveCfg = Release|Any CPU
		{A1B2C3D4-E5F6-7890-ABCD-EF1234567890}.Release|x64.Build.0 = Release|Any CPU
		{A1B2C3D4-E5F6-7890-ABCD-EF1234567890}.Release|x86.ActiveCfg = Release|Any CPU
		{A1B2C3D4-E5F6-7890-ABCD-EF1234567890}.Release|x86.Build.0 = Release|Any CPU
		{5979B9EF-FACE-4BD0-BFA3-B1BB5D7103C5}.Debug|Any CPU.ActiveCfg = Debug|Any CPU
		{5979B9EF-FACE-4BD0-BFA3-B1BB5D7103C5}.Debug|Any CPU.Build.0 = Debug|Any CPU
		{5979B9EF-FACE-4BD0-BFA3-B1BB5D7103C5}.Debug|x64.ActiveCfg = Debug|Any CPU
		{5979B9EF-FACE-4BD0-BFA3-B1BB5D7103C5}.Debug|x64.Build.0 = Debug|Any CPU
		{5979B9EF-FACE-4BD0-BFA3-B1BB5D7103C5}.Debug|x86.ActiveCfg = Debug|Any CPU
		{5979B9EF-FACE-4BD0-BFA3-B1BB5D7103C5}.Debug|x86.Build.0 = Debug|Any CPU
		{5979B9EF-FACE-4BD0-BFA3-B1BB5D7103C5}.Release|Any CPU.ActiveCfg = Release|Any CPU
		{5979B9EF-FACE-4BD0-BFA3-B1BB5D7103C5}.Release|Any CPU.Build.0 = Release|Any CPU
		{5979B9EF-FACE-4BD0-BFA3-B1BB5D7103C5}.Release|x64.ActiveCfg = Release|Any CPU
		{5979B9EF-FACE-4BD0-BFA3-B1BB5D7103C5}.Release|x64.Build.0 = Release|Any CPU
		{5979B9EF-FACE-4BD0-BFA3-B1BB5D7103C5}.Release|x86.ActiveCfg = Release|Any CPU
		{5979B9EF-FACE-4BD0-BFA3-B1BB5D7103C5}.Release|x86.Build.0 = Release|Any CPU
		{112520EF-9DF0-FA05-B020-814D6DF4C973}.Debug|Any CPU.ActiveCfg = Debug|Any CPU
		{112520EF-9DF0-FA05-B020-814D6DF4C973}.Debug|Any CPU.Build.0 = Debug|Any CPU
		{112520EF-9DF0-FA05-B020-814D6DF4C973}.Debug|x64.ActiveCfg = Debug|Any CPU
		{112520EF-9DF0-FA05-B020-814D6DF4C973}.Debug|x64.Build.0 = Debug|Any CPU
		{112520EF-9DF0-FA05-B020-814D6DF4C973}.Debug|x86.ActiveCfg = Debug|Any CPU
		{112520EF-9DF0-FA05-B020-814D6DF4C973}.Debug|x86.Build.0 = Debug|Any CPU
		{112520EF-9DF0-FA05-B020-814D6DF4C973}.Release|Any CPU.ActiveCfg = Release|Any CPU
		{112520EF-9DF0-FA05-B020-814D6DF4C973}.Release|Any CPU.Build.0 = Release|Any CPU
		{112520EF-9DF0-FA05-B020-814D6DF4C973}.Release|x64.ActiveCfg = Release|Any CPU
		{112520EF-9DF0-FA05-B020-814D6DF4C973}.Release|x64.Build.0 = Release|Any CPU
		{112520EF-9DF0-FA05-B020-814D6DF4C973}.Release|x86.ActiveCfg = Release|Any CPU
		{112520EF-9DF0-FA05-B020-814D6DF4C973}.Release|x86.Build.0 = Release|Any CPU
		{2E86B090-9D4C-7626-72E2-876F173A764D}.Debug|Any CPU.ActiveCfg = Debug|Any CPU
		{2E86B090-9D4C-7626-72E2-876F173A764D}.Debug|Any CPU.Build.0 = Debug|Any CPU
		{2E86B090-9D4C-7626-72E2-876F173A764D}.Debug|x64.ActiveCfg = Debug|Any CPU
		{2E86B090-9D4C-7626-72E2-876F173A764D}.Debug|x64.Build.0 = Debug|Any CPU
		{2E86B090-9D4C-7626-72E2-876F173A764D}.Debug|x86.ActiveCfg = Debug|Any CPU
		{2E86B090-9D4C-7626-72E2-876F173A764D}.Debug|x86.Build.0 = Debug|Any CPU
		{2E86B090-9D4C-7626-72E2-876F173A764D}.Release|Any CPU.ActiveCfg = Release|Any CPU
		{2E86B090-9D4C-7626-72E2-876F173A764D}.Release|Any CPU.Build.0 = Release|Any CPU
		{2E86B090-9D4C-7626-72E2-876F173A764D}.Release|x64.ActiveCfg = Release|Any CPU
		{2E86B090-9D4C-7626-72E2-876F173A764D}.Release|x64.Build.0 = Release|Any CPU
		{2E86B090-9D4C-7626-72E2-876F173A764D}.Release|x86.ActiveCfg = Release|Any CPU
		{2E86B090-9D4C-7626-72E2-876F173A764D}.Release|x86.Build.0 = Release|Any CPU
		{77791D9A-D5BD-2595-ADDF-308C7F72D339}.Debug|Any CPU.ActiveCfg = Debug|Any CPU
		{77791D9A-D5BD-2595-ADDF-308C7F72D339}.Debug|Any CPU.Build.0 = Debug|Any CPU
		{77791D9A-D5BD-2595-ADDF-308C7F72D339}.Debug|x64.ActiveCfg = Debug|Any CPU
		{77791D9A-D5BD-2595-ADDF-308C7F72D339}.Debug|x64.Build.0 = Debug|Any CPU
		{77791D9A-D5BD-2595-ADDF-308C7F72D339}.Debug|x86.ActiveCfg = Debug|Any CPU
		{77791D9A-D5BD-2595-ADDF-308C7F72D339}.Debug|x86.Build.0 = Debug|Any CPU
		{77791D9A-D5BD-2595-ADDF-308C7F72D339}.Release|Any CPU.ActiveCfg = Release|Any CPU
		{77791D9A-D5BD-2595-ADDF-308C7F72D339}.Release|Any CPU.Build.0 = Release|Any CPU
		{77791D9A-D5BD-2595-ADDF-308C7F72D339}.Release|x64.ActiveCfg = Release|Any CPU
		{77791D9A-D5BD-2595-ADDF-308C7F72D339}.Release|x64.Build.0 = Release|Any CPU
		{77791D9A-D5BD-2595-ADDF-308C7F72D339}.Release|x86.ActiveCfg = Release|Any CPU
		{77791D9A-D5BD-2595-ADDF-308C7F72D339}.Release|x86.Build.0 = Release|Any CPU
		{B3D45E8B-F145-FB6A-6856-3A5750A16BFB}.Debug|Any CPU.ActiveCfg = Debug|Any CPU
		{B3D45E8B-F145-FB6A-6856-3A5750A16BFB}.Debug|Any CPU.Build.0 = Debug|Any CPU
		{B3D45E8B-F145-FB6A-6856-3A5750A16BFB}.Debug|x64.ActiveCfg = Debug|Any CPU
		{B3D45E8B-F145-FB6A-6856-3A5750A16BFB}.Debug|x64.Build.0 = Debug|Any CPU
		{B3D45E8B-F145-FB6A-6856-3A5750A16BFB}.Debug|x86.ActiveCfg = Debug|Any CPU
		{B3D45E8B-F145-FB6A-6856-3A5750A16BFB}.Debug|x86.Build.0 = Debug|Any CPU
		{B3D45E8B-F145-FB6A-6856-3A5750A16BFB}.Release|Any CPU.ActiveCfg = Release|Any CPU
		{B3D45E8B-F145-FB6A-6856-3A5750A16BFB}.Release|Any CPU.Build.0 = Release|Any CPU
		{B3D45E8B-F145-FB6A-6856-3A5750A16BFB}.Release|x64.ActiveCfg = Release|Any CPU
		{B3D45E8B-F145-FB6A-6856-3A5750A16BFB}.Release|x64.Build.0 = Release|Any CPU
		{B3D45E8B-F145-FB6A-6856-3A5750A16BFB}.Release|x86.ActiveCfg = Release|Any CPU
		{B3D45E8B-F145-FB6A-6856-3A5750A16BFB}.Release|x86.Build.0 = Release|Any CPU
		{383C9975-DA0C-4511-2282-8EB531AB6999}.Debug|Any CPU.ActiveCfg = Debug|Any CPU
		{383C9975-DA0C-4511-2282-8EB531AB6999}.Debug|Any CPU.Build.0 = Debug|Any CPU
		{383C9975-DA0C-4511-2282-8EB531AB6999}.Debug|x64.ActiveCfg = Debug|Any CPU
		{383C9975-DA0C-4511-2282-8EB531AB6999}.Debug|x64.Build.0 = Debug|Any CPU
		{383C9975-DA0C-4511-2282-8EB531AB6999}.Debug|x86.ActiveCfg = Debug|Any CPU
		{383C9975-DA0C-4511-2282-8EB531AB6999}.Debug|x86.Build.0 = Debug|Any CPU
		{383C9975-DA0C-4511-2282-8EB531AB6999}.Release|Any CPU.ActiveCfg = Release|Any CPU
		{383C9975-DA0C-4511-2282-8EB531AB6999}.Release|Any CPU.Build.0 = Release|Any CPU
		{383C9975-DA0C-4511-2282-8EB531AB6999}.Release|x64.ActiveCfg = Release|Any CPU
		{383C9975-DA0C-4511-2282-8EB531AB6999}.Release|x64.Build.0 = Release|Any CPU
		{383C9975-DA0C-4511-2282-8EB531AB6999}.Release|x86.ActiveCfg = Release|Any CPU
		{383C9975-DA0C-4511-2282-8EB531AB6999}.Release|x86.Build.0 = Release|Any CPU
		{2C9D4FD0-2DCD-495F-B121-06346477A3EE}.Debug|Any CPU.ActiveCfg = Debug|Any CPU
		{2C9D4FD0-2DCD-495F-B121-06346477A3EE}.Debug|Any CPU.Build.0 = Debug|Any CPU
		{2C9D4FD0-2DCD-495F-B121-06346477A3EE}.Debug|x64.ActiveCfg = Debug|Any CPU
		{2C9D4FD0-2DCD-495F-B121-06346477A3EE}.Debug|x64.Build.0 = Debug|Any CPU
		{2C9D4FD0-2DCD-495F-B121-06346477A3EE}.Debug|x86.ActiveCfg = Debug|Any CPU
		{2C9D4FD0-2DCD-495F-B121-06346477A3EE}.Debug|x86.Build.0 = Debug|Any CPU
		{2C9D4FD0-2DCD-495F-B121-06346477A3EE}.Release|Any CPU.ActiveCfg = Release|Any CPU
		{2C9D4FD0-2DCD-495F-B121-06346477A3EE}.Release|Any CPU.Build.0 = Release|Any CPU
		{2C9D4FD0-2DCD-495F-B121-06346477A3EE}.Release|x64.ActiveCfg = Release|Any CPU
		{2C9D4FD0-2DCD-495F-B121-06346477A3EE}.Release|x64.Build.0 = Release|Any CPU
		{2C9D4FD0-2DCD-495F-B121-06346477A3EE}.Release|x86.ActiveCfg = Release|Any CPU
		{2C9D4FD0-2DCD-495F-B121-06346477A3EE}.Release|x86.Build.0 = Release|Any CPU
		{2C386189-C88A-D7F4-3821-C7AAFBB52577}.Debug|Any CPU.ActiveCfg = Debug|Any CPU
		{2C386189-C88A-D7F4-3821-C7AAFBB52577}.Debug|Any CPU.Build.0 = Debug|Any CPU
		{2C386189-C88A-D7F4-3821-C7AAFBB52577}.Debug|x64.ActiveCfg = Debug|Any CPU
		{2C386189-C88A-D7F4-3821-C7AAFBB52577}.Debug|x64.Build.0 = Debug|Any CPU
		{2C386189-C88A-D7F4-3821-C7AAFBB52577}.Debug|x86.ActiveCfg = Debug|Any CPU
		{2C386189-C88A-D7F4-3821-C7AAFBB52577}.Debug|x86.Build.0 = Debug|Any CPU
		{2C386189-C88A-D7F4-3821-C7AAFBB52577}.Release|Any CPU.ActiveCfg = Release|Any CPU
		{2C386189-C88A-D7F4-3821-C7AAFBB52577}.Release|Any CPU.Build.0 = Release|Any CPU
		{2C386189-C88A-D7F4-3821-C7AAFBB52577}.Release|x64.ActiveCfg = Release|Any CPU
		{2C386189-C88A-D7F4-3821-C7AAFBB52577}.Release|x64.Build.0 = Release|Any CPU
		{2C386189-C88A-D7F4-3821-C7AAFBB52577}.Release|x86.ActiveCfg = Release|Any CPU
		{2C386189-C88A-D7F4-3821-C7AAFBB52577}.Release|x86.Build.0 = Release|Any CPU
		{012D8C4A-364D-4236-BA8C-D701E55E2A19}.Debug|Any CPU.ActiveCfg = Debug|Any CPU
		{012D8C4A-364D-4236-BA8C-D701E55E2A19}.Debug|Any CPU.Build.0 = Debug|Any CPU
		{012D8C4A-364D-4236-BA8C-D701E55E2A19}.Debug|x64.ActiveCfg = Debug|Any CPU
		{012D8C4A-364D-4236-BA8C-D701E55E2A19}.Debug|x64.Build.0 = Debug|Any CPU
		{012D8C4A-364D-4236-BA8C-D701E55E2A19}.Debug|x86.ActiveCfg = Debug|Any CPU
		{012D8C4A-364D-4236-BA8C-D701E55E2A19}.Debug|x86.Build.0 = Debug|Any CPU
		{012D8C4A-364D-4236-BA8C-D701E55E2A19}.Release|Any CPU.ActiveCfg = Release|Any CPU
		{012D8C4A-364D-4236-BA8C-D701E55E2A19}.Release|Any CPU.Build.0 = Release|Any CPU
		{012D8C4A-364D-4236-BA8C-D701E55E2A19}.Release|x64.ActiveCfg = Release|Any CPU
		{012D8C4A-364D-4236-BA8C-D701E55E2A19}.Release|x64.Build.0 = Release|Any CPU
		{012D8C4A-364D-4236-BA8C-D701E55E2A19}.Release|x86.ActiveCfg = Release|Any CPU
		{012D8C4A-364D-4236-BA8C-D701E55E2A19}.Release|x86.Build.0 = Release|Any CPU
		{8C6A411E-EBDF-418D-8015-E832B16E409D}.Debug|Any CPU.ActiveCfg = Debug|Any CPU
		{8C6A411E-EBDF-418D-8015-E832B16E409D}.Debug|Any CPU.Build.0 = Debug|Any CPU
		{8C6A411E-EBDF-418D-8015-E832B16E409D}.Debug|x64.ActiveCfg = Debug|Any CPU
		{8C6A411E-EBDF-418D-8015-E832B16E409D}.Debug|x64.Build.0 = Debug|Any CPU
		{8C6A411E-EBDF-418D-8015-E832B16E409D}.Debug|x86.ActiveCfg = Debug|Any CPU
		{8C6A411E-EBDF-418D-8015-E832B16E409D}.Debug|x86.Build.0 = Debug|Any CPU
		{8C6A411E-EBDF-418D-8015-E832B16E409D}.Release|Any CPU.ActiveCfg = Release|Any CPU
		{8C6A411E-EBDF-418D-8015-E832B16E409D}.Release|Any CPU.Build.0 = Release|Any CPU
		{8C6A411E-EBDF-418D-8015-E832B16E409D}.Release|x64.ActiveCfg = Release|Any CPU
		{8C6A411E-EBDF-418D-8015-E832B16E409D}.Release|x64.Build.0 = Release|Any CPU
		{8C6A411E-EBDF-418D-8015-E832B16E409D}.Release|x86.ActiveCfg = Release|Any CPU
		{8C6A411E-EBDF-418D-8015-E832B16E409D}.Release|x86.Build.0 = Release|Any CPU
		{9D9F88C0-AADD-43D3-A43B-E74D78506539}.Debug|Any CPU.ActiveCfg = Debug|Any CPU
		{9D9F88C0-AADD-43D3-A43B-E74D78506539}.Debug|Any CPU.Build.0 = Debug|Any CPU
		{9D9F88C0-AADD-43D3-A43B-E74D78506539}.Debug|x64.ActiveCfg = Debug|Any CPU
		{9D9F88C0-AADD-43D3-A43B-E74D78506539}.Debug|x64.Build.0 = Debug|Any CPU
		{9D9F88C0-AADD-43D3-A43B-E74D78506539}.Debug|x86.ActiveCfg = Debug|Any CPU
		{9D9F88C0-AADD-43D3-A43B-E74D78506539}.Debug|x86.Build.0 = Debug|Any CPU
		{9D9F88C0-AADD-43D3-A43B-E74D78506539}.Release|Any CPU.ActiveCfg = Release|Any CPU
		{9D9F88C0-AADD-43D3-A43B-E74D78506539}.Release|Any CPU.Build.0 = Release|Any CPU
		{9D9F88C0-AADD-43D3-A43B-E74D78506539}.Release|x64.ActiveCfg = Release|Any CPU
		{9D9F88C0-AADD-43D3-A43B-E74D78506539}.Release|x64.Build.0 = Release|Any CPU
		{9D9F88C0-AADD-43D3-A43B-E74D78506539}.Release|x86.ActiveCfg = Release|Any CPU
		{9D9F88C0-AADD-43D3-A43B-E74D78506539}.Release|x86.Build.0 = Release|Any CPU
		{26822EE9-4DF0-49EC-B430-E90535E521E7}.Debug|Any CPU.ActiveCfg = Debug|Any CPU
		{26822EE9-4DF0-49EC-B430-E90535E521E7}.Debug|Any CPU.Build.0 = Debug|Any CPU
		{26822EE9-4DF0-49EC-B430-E90535E521E7}.Debug|x64.ActiveCfg = Debug|Any CPU
		{26822EE9-4DF0-49EC-B430-E90535E521E7}.Debug|x64.Build.0 = Debug|Any CPU
		{26822EE9-4DF0-49EC-B430-E90535E521E7}.Debug|x86.ActiveCfg = Debug|Any CPU
		{26822EE9-4DF0-49EC-B430-E90535E521E7}.Debug|x86.Build.0 = Debug|Any CPU
		{26822EE9-4DF0-49EC-B430-E90535E521E7}.Release|Any CPU.ActiveCfg = Release|Any CPU
		{26822EE9-4DF0-49EC-B430-E90535E521E7}.Release|Any CPU.Build.0 = Release|Any CPU
		{26822EE9-4DF0-49EC-B430-E90535E521E7}.Release|x64.ActiveCfg = Release|Any CPU
		{26822EE9-4DF0-49EC-B430-E90535E521E7}.Release|x64.Build.0 = Release|Any CPU
		{26822EE9-4DF0-49EC-B430-E90535E521E7}.Release|x86.ActiveCfg = Release|Any CPU
		{26822EE9-4DF0-49EC-B430-E90535E521E7}.Release|x86.Build.0 = Release|Any CPU
		{471F8008-B73C-48E8-B3B0-C1EC0AE78DDF}.Debug|Any CPU.ActiveCfg = Debug|Any CPU
		{471F8008-B73C-48E8-B3B0-C1EC0AE78DDF}.Debug|Any CPU.Build.0 = Debug|Any CPU
		{471F8008-B73C-48E8-B3B0-C1EC0AE78DDF}.Debug|x64.ActiveCfg = Debug|Any CPU
		{471F8008-B73C-48E8-B3B0-C1EC0AE78DDF}.Debug|x64.Build.0 = Debug|Any CPU
		{471F8008-B73C-48E8-B3B0-C1EC0AE78DDF}.Debug|x86.ActiveCfg = Debug|Any CPU
		{471F8008-B73C-48E8-B3B0-C1EC0AE78DDF}.Debug|x86.Build.0 = Debug|Any CPU
		{471F8008-B73C-48E8-B3B0-C1EC0AE78DDF}.Release|Any CPU.ActiveCfg = Release|Any CPU
		{471F8008-B73C-48E8-B3B0-C1EC0AE78DDF}.Release|Any CPU.Build.0 = Release|Any CPU
		{471F8008-B73C-48E8-B3B0-C1EC0AE78DDF}.Release|x64.ActiveCfg = Release|Any CPU
		{471F8008-B73C-48E8-B3B0-C1EC0AE78DDF}.Release|x64.Build.0 = Release|Any CPU
		{471F8008-B73C-48E8-B3B0-C1EC0AE78DDF}.Release|x86.ActiveCfg = Release|Any CPU
		{471F8008-B73C-48E8-B3B0-C1EC0AE78DDF}.Release|x86.Build.0 = Release|Any CPU
	EndGlobalSection
	GlobalSection(SolutionProperties) = preSolution
		HideSolutionNode = FALSE
	EndGlobalSection
	GlobalSection(NestedProjects) = preSolution
		{72F1B5C3-0893-EAFE-2339-E50B9CEF9F5B} = {5D20AA90-6969-D8BD-9DCD-8634F4692FDA}
		{E512A7B2-D35E-765C-AFBB-F76035AB3AC1} = {5D20AA90-6969-D8BD-9DCD-8634F4692FDA}
		{BB5B9031-A097-7BFE-86B8-816CCC95A883} = {5D20AA90-6969-D8BD-9DCD-8634F4692FDA}
		{B1DDC968-D838-28F3-2C78-E337D9D7445E} = {5D20AA90-6969-D8BD-9DCD-8634F4692FDA}
		{5EE27693-9124-69C2-DFFF-783546316546} = {5D20AA90-6969-D8BD-9DCD-8634F4692FDA}
		{B8A0DA5C-7FC2-E1F2-AE0F-91964FF3A05D} = {827E0CD3-B72D-47B6-A68D-7590B98EB39B}
		{FCC15AE2-0010-DCCB-F853-7BE8D5533C52} = {827E0CD3-B72D-47B6-A68D-7590B98EB39B}
		{D937D898-898C-C265-F457-B2E2D520AB1C} = {827E0CD3-B72D-47B6-A68D-7590B98EB39B}
		{A1B2C3D4-E5F6-7890-ABCD-EF1234567890} = {827E0CD3-B72D-47B6-A68D-7590B98EB39B}
		{5979B9EF-FACE-4BD0-BFA3-B1BB5D7103C5} = {827E0CD3-B72D-47B6-A68D-7590B98EB39B}
		{112520EF-9DF0-FA05-B020-814D6DF4C973} = {827E0CD3-B72D-47B6-A68D-7590B98EB39B}
		{2E86B090-9D4C-7626-72E2-876F173A764D} = {827E0CD3-B72D-47B6-A68D-7590B98EB39B}
		{77791D9A-D5BD-2595-ADDF-308C7F72D339} = {0AB3BF05-4346-4AA6-1389-037BE0695223}
		{B3D45E8B-F145-FB6A-6856-3A5750A16BFB} = {0AB3BF05-4346-4AA6-1389-037BE0695223}
		{383C9975-DA0C-4511-2282-8EB531AB6999} = {0AB3BF05-4346-4AA6-1389-037BE0695223}
		{2C9D4FD0-2DCD-495F-B121-06346477A3EE} = {5D20AA90-6969-D8BD-9DCD-8634F4692FDA}
		{2C386189-C88A-D7F4-3821-C7AAFBB52577} = {5D20AA90-6969-D8BD-9DCD-8634F4692FDA}
		{012D8C4A-364D-4236-BA8C-D701E55E2A19} = {827E0CD3-B72D-47B6-A68D-7590B98EB39B}
		{8C6A411E-EBDF-418D-8015-E832B16E409D} = {827E0CD3-B72D-47B6-A68D-7590B98EB39B}
		{9D9F88C0-AADD-43D3-A43B-E74D78506539} = {827E0CD3-B72D-47B6-A68D-7590B98EB39B}
		{26822EE9-4DF0-49EC-B430-E90535E521E7} = {0AB3BF05-4346-4AA6-1389-037BE0695223}
		{471F8008-B73C-48E8-B3B0-C1EC0AE78DDF} = {5D20AA90-6969-D8BD-9DCD-8634F4692FDA}
	EndGlobalSection
	GlobalSection(ExtensibilityGlobals) = postSolution
		SolutionGuid = {C8A8F3D5-CBE2-416E-9B89-3F18EEB4F884}
	EndGlobalSection
EndGlobal
